// !$*UTF8*$!
{
	archiveVersion = 1;
	classes = {
	};
	objectVersion = 48;
	objects = {

/* Begin PBXBuildFile section */
		84C116812060FA8700246E52 /* CloudKit.framework in Frameworks */ = {isa = PBXBuildFile; fileRef = 84C116802060FA8700246E52 /* CloudKit.framework */; };
		84C11684206135AC00246E52 /* RegisterPageViewController.swift in Sources */ = {isa = PBXBuildFile; fileRef = 84C11683206135AC00246E52 /* RegisterPageViewController.swift */; };
		84EC9D87206B1F7C004CCD06 /* LoginViewController.swift in Sources */ = {isa = PBXBuildFile; fileRef = 84EC9D86206B1F7C004CCD06 /* LoginViewController.swift */; };
		D4C127F42046498E001503BD /* AppDelegate.swift in Sources */ = {isa = PBXBuildFile; fileRef = D4C127F32046498E001503BD /* AppDelegate.swift */; };
		D4C127F62046498E001503BD /* ViewController.swift in Sources */ = {isa = PBXBuildFile; fileRef = D4C127F52046498E001503BD /* ViewController.swift */; };
		D4C127F92046498E001503BD /* Main.storyboard in Resources */ = {isa = PBXBuildFile; fileRef = D4C127F72046498E001503BD /* Main.storyboard */; };
		D4C127FC2046498E001503BD /* FairFuture.xcdatamodeld in Sources */ = {isa = PBXBuildFile; fileRef = D4C127FA2046498E001503BD /* FairFuture.xcdatamodeld */; };
		D4C127FE2046498E001503BD /* Assets.xcassets in Resources */ = {isa = PBXBuildFile; fileRef = D4C127FD2046498E001503BD /* Assets.xcassets */; };
		D4C128012046498E001503BD /* LaunchScreen.storyboard in Resources */ = {isa = PBXBuildFile; fileRef = D4C127FF2046498E001503BD /* LaunchScreen.storyboard */; };
/* End PBXBuildFile section */

/* Begin PBXFileReference section */
		84C116802060FA8700246E52 /* CloudKit.framework */ = {isa = PBXFileReference; lastKnownFileType = wrapper.framework; name = CloudKit.framework; path = System/Library/Frameworks/CloudKit.framework; sourceTree = SDKROOT; };
		84C11683206135AC00246E52 /* RegisterPageViewController.swift */ = {isa = PBXFileReference; lastKnownFileType = sourcecode.swift; path = RegisterPageViewController.swift; sourceTree = "<group>"; };
		84EC9D86206B1F7C004CCD06 /* LoginViewController.swift */ = {isa = PBXFileReference; lastKnownFileType = sourcecode.swift; path = LoginViewController.swift; sourceTree = "<group>"; };
		D46D1AB32048AAA200B5DA9F /* FairFuture.entitlements */ = {isa = PBXFileReference; lastKnownFileType = text.plist.entitlements; path = FairFuture.entitlements; sourceTree = "<group>"; };
		D4C127F02046498E001503BD /* FairFuture.app */ = {isa = PBXFileReference; explicitFileType = wrapper.application; includeInIndex = 0; path = FairFuture.app; sourceTree = BUILT_PRODUCTS_DIR; };
		D4C127F32046498E001503BD /* AppDelegate.swift */ = {isa = PBXFileReference; lastKnownFileType = sourcecode.swift; path = AppDelegate.swift; sourceTree = "<group>"; };
		D4C127F52046498E001503BD /* ViewController.swift */ = {isa = PBXFileReference; lastKnownFileType = sourcecode.swift; path = ViewController.swift; sourceTree = "<group>"; };
		D4C127F82046498E001503BD /* Base */ = {isa = PBXFileReference; lastKnownFileType = file.storyboard; name = Base; path = Base.lproj/Main.storyboard; sourceTree = "<group>"; };
		D4C127FB2046498E001503BD /* FairFuture.xcdatamodel */ = {isa = PBXFileReference; lastKnownFileType = wrapper.xcdatamodel; path = FairFuture.xcdatamodel; sourceTree = "<group>"; };
		D4C127FD2046498E001503BD /* Assets.xcassets */ = {isa = PBXFileReference; lastKnownFileType = folder.assetcatalog; path = Assets.xcassets; sourceTree = "<group>"; };
		D4C128002046498E001503BD /* Base */ = {isa = PBXFileReference; lastKnownFileType = file.storyboard; name = Base; path = Base.lproj/LaunchScreen.storyboard; sourceTree = "<group>"; };
		D4C128022046498E001503BD /* Info.plist */ = {isa = PBXFileReference; lastKnownFileType = text.plist.xml; path = Info.plist; sourceTree = "<group>"; };
/* End PBXFileReference section */

/* Begin PBXFrameworksBuildPhase section */
		D4C127ED2046498E001503BD /* Frameworks */ = {
			isa = PBXFrameworksBuildPhase;
			buildActionMask = 2147483647;
			files = (
				84C116812060FA8700246E52 /* CloudKit.framework in Frameworks */,
			);
			runOnlyForDeploymentPostprocessing = 0;
		};
/* End PBXFrameworksBuildPhase section */

/* Begin PBXGroup section */
		84C116822061350A00246E52 /* UserLoginAndRegisteration */ = {
			isa = PBXGroup;
			children = (
				84C11683206135AC00246E52 /* RegisterPageViewController.swift */,
				84EC9D86206B1F7C004CCD06 /* LoginViewController.swift */,
			);
			path = UserLoginAndRegisteration;
			sourceTree = "<group>";
		};
		D486D9FF2047931F00D98503 /* Frameworks */ = {
			isa = PBXGroup;
			children = (
				84C116802060FA8700246E52 /* CloudKit.framework */,
			);
			name = Frameworks;
			sourceTree = "<group>";
		};
		D4C127E72046498E001503BD = {
			isa = PBXGroup;
			children = (
				D4C127F22046498E001503BD /* FairFuture */,
				D4C127F12046498E001503BD /* Products */,
				D486D9FF2047931F00D98503 /* Frameworks */,
			);
			sourceTree = "<group>";
		};
		D4C127F12046498E001503BD /* Products */ = {
			isa = PBXGroup;
			children = (
				D4C127F02046498E001503BD /* FairFuture.app */,
			);
			name = Products;
			sourceTree = "<group>";
		};
		D4C127F22046498E001503BD /* FairFuture */ = {
			isa = PBXGroup;
			children = (
				84C116822061350A00246E52 /* UserLoginAndRegisteration */,
				D46D1AB32048AAA200B5DA9F /* FairFuture.entitlements */,
				D4C127F32046498E001503BD /* AppDelegate.swift */,
				D4C127F52046498E001503BD /* ViewController.swift */,
				D4C127F72046498E001503BD /* Main.storyboard */,
				D4C127FD2046498E001503BD /* Assets.xcassets */,
				D4C127FF2046498E001503BD /* LaunchScreen.storyboard */,
				D4C128022046498E001503BD /* Info.plist */,
				D4C127FA2046498E001503BD /* FairFuture.xcdatamodeld */,
			);
			path = FairFuture;
			sourceTree = "<group>";
		};
/* End PBXGroup section */

/* Begin PBXNativeTarget section */
		D4C127EF2046498E001503BD /* FairFuture */ = {
			isa = PBXNativeTarget;
			buildConfigurationList = D4C128052046498E001503BD /* Build configuration list for PBXNativeTarget "FairFuture" */;
			buildPhases = (
				D4C127EC2046498E001503BD /* Sources */,
				D4C127ED2046498E001503BD /* Frameworks */,
				D4C127EE2046498E001503BD /* Resources */,
			);
			buildRules = (
			);
			dependencies = (
			);
			name = FairFuture;
			productName = FairFuture;
			productReference = D4C127F02046498E001503BD /* FairFuture.app */;
			productType = "com.apple.product-type.application";
		};
/* End PBXNativeTarget section */

/* Begin PBXProject section */
		D4C127E82046498E001503BD /* Project object */ = {
			isa = PBXProject;
			attributes = {
				LastSwiftUpdateCheck = 0920;
				LastUpgradeCheck = 0920;
				ORGANIZATIONNAME = "hridayam bakshi";
				TargetAttributes = {
					D4C127EF2046498E001503BD = {
						CreatedOnToolsVersion = 9.2;
						ProvisioningStyle = Automatic;
						SystemCapabilities = {
							com.apple.Push = {
								enabled = 0;
							};
							com.apple.iCloud = {
								enabled = 1;
							};
						};
					};
				};
			};
			buildConfigurationList = D4C127EB2046498E001503BD /* Build configuration list for PBXProject "FairFuture" */;
			compatibilityVersion = "Xcode 8.0";
			developmentRegion = en;
			hasScannedForEncodings = 0;
			knownRegions = (
				en,
				Base,
			);
			mainGroup = D4C127E72046498E001503BD;
			productRefGroup = D4C127F12046498E001503BD /* Products */;
			projectDirPath = "";
			projectRoot = "";
			targets = (
				D4C127EF2046498E001503BD /* FairFuture */,
			);
		};
/* End PBXProject section */

/* Begin PBXResourcesBuildPhase section */
		D4C127EE2046498E001503BD /* Resources */ = {
			isa = PBXResourcesBuildPhase;
			buildActionMask = 2147483647;
			files = (
				D4C128012046498E001503BD /* LaunchScreen.storyboard in Resources */,
				D4C127FE2046498E001503BD /* Assets.xcassets in Resources */,
				D4C127F92046498E001503BD /* Main.storyboard in Resources */,
			);
			runOnlyForDeploymentPostprocessing = 0;
		};
/* End PBXResourcesBuildPhase section */

/* Begin PBXSourcesBuildPhase section */
		D4C127EC2046498E001503BD /* Sources */ = {
			isa = PBXSourcesBuildPhase;
			buildActionMask = 2147483647;
			files = (
				84C11684206135AC00246E52 /* RegisterPageViewController.swift in Sources */,
				D4C127F62046498E001503BD /* ViewController.swift in Sources */,
				D4C127FC2046498E001503BD /* FairFuture.xcdatamodeld in Sources */,
				84EC9D87206B1F7C004CCD06 /* LoginViewController.swift in Sources */,
				D4C127F42046498E001503BD /* AppDelegate.swift in Sources */,
			);
			runOnlyForDeploymentPostprocessing = 0;
		};
/* End PBXSourcesBuildPhase section */

/* Begin PBXVariantGroup section */
		D4C127F72046498E001503BD /* Main.storyboard */ = {
			isa = PBXVariantGroup;
			children = (
				D4C127F82046498E001503BD /* Base */,
			);
			name = Main.storyboard;
			sourceTree = "<group>";
		};
		D4C127FF2046498E001503BD /* LaunchScreen.storyboard */ = {
			isa = PBXVariantGroup;
			children = (
				D4C128002046498E001503BD /* Base */,
			);
			name = LaunchScreen.storyboard;
			sourceTree = "<group>";
		};
/* End PBXVariantGroup section */

/* Begin XCBuildConfiguration section */
		D4C128032046498E001503BD /* Debug */ = {
			isa = XCBuildConfiguration;
			buildSettings = {
				ALWAYS_SEARCH_USER_PATHS = NO;
				CLANG_ANALYZER_NONNULL = YES;
				CLANG_ANALYZER_NUMBER_OBJECT_CONVERSION = YES_AGGRESSIVE;
				CLANG_CXX_LANGUAGE_STANDARD = "gnu++14";
				CLANG_CXX_LIBRARY = "libc++";
				CLANG_ENABLE_MODULES = YES;
				CLANG_ENABLE_OBJC_ARC = YES;
				CLANG_WARN_BLOCK_CAPTURE_AUTORELEASING = YES;
				CLANG_WARN_BOOL_CONVERSION = YES;
				CLANG_WARN_COMMA = YES;
				CLANG_WARN_CONSTANT_CONVERSION = YES;
				CLANG_WARN_DIRECT_OBJC_ISA_USAGE = YES_ERROR;
				CLANG_WARN_DOCUMENTATION_COMMENTS = YES;
				CLANG_WARN_EMPTY_BODY = YES;
				CLANG_WARN_ENUM_CONVERSION = YES;
				CLANG_WARN_INFINITE_RECURSION = YES;
				CLANG_WARN_INT_CONVERSION = YES;
				CLANG_WARN_NON_LITERAL_NULL_CONVERSION = YES;
				CLANG_WARN_OBJC_LITERAL_CONVERSION = YES;
				CLANG_WARN_OBJC_ROOT_CLASS = YES_ERROR;
				CLANG_WARN_RANGE_LOOP_ANALYSIS = YES;
				CLANG_WARN_STRICT_PROTOTYPES = YES;
				CLANG_WARN_SUSPICIOUS_MOVE = YES;
				CLANG_WARN_UNGUARDED_AVAILABILITY = YES_AGGRESSIVE;
				CLANG_WARN_UNREACHABLE_CODE = YES;
				CLANG_WARN__DUPLICATE_METHOD_MATCH = YES;
				CODE_SIGN_IDENTITY = "iPhone Developer";
				COPY_PHASE_STRIP = NO;
				DEBUG_INFORMATION_FORMAT = dwarf;
				ENABLE_STRICT_OBJC_MSGSEND = YES;
				ENABLE_TESTABILITY = YES;
				GCC_C_LANGUAGE_STANDARD = gnu11;
				GCC_DYNAMIC_NO_PIC = NO;
				GCC_NO_COMMON_BLOCKS = YES;
				GCC_OPTIMIZATION_LEVEL = 0;
				GCC_PREPROCESSOR_DEFINITIONS = (
					"DEBUG=1",
					"$(inherited)",
				);
				GCC_WARN_64_TO_32_BIT_CONVERSION = YES;
				GCC_WARN_ABOUT_RETURN_TYPE = YES_ERROR;
				GCC_WARN_UNDECLARED_SELECTOR = YES;
				GCC_WARN_UNINITIALIZED_AUTOS = YES_AGGRESSIVE;
				GCC_WARN_UNUSED_FUNCTION = YES;
				GCC_WARN_UNUSED_VARIABLE = YES;
				IPHONEOS_DEPLOYMENT_TARGET = 11.2;
				MTL_ENABLE_DEBUG_INFO = YES;
				ONLY_ACTIVE_ARCH = YES;
				SDKROOT = iphoneos;
				SWIFT_ACTIVE_COMPILATION_CONDITIONS = DEBUG;
				SWIFT_OPTIMIZATION_LEVEL = "-Onone";
			};
			name = Debug;
		};
		D4C128042046498E001503BD /* Release */ = {
			isa = XCBuildConfiguration;
			buildSettings = {
				ALWAYS_SEARCH_USER_PATHS = NO;
				CLANG_ANALYZER_NONNULL = YES;
				CLANG_ANALYZER_NUMBER_OBJECT_CONVERSION = YES_AGGRESSIVE;
				CLANG_CXX_LANGUAGE_STANDARD = "gnu++14";
				CLANG_CXX_LIBRARY = "libc++";
				CLANG_ENABLE_MODULES = YES;
				CLANG_ENABLE_OBJC_ARC = YES;
				CLANG_WARN_BLOCK_CAPTURE_AUTORELEASING = YES;
				CLANG_WARN_BOOL_CONVERSION = YES;
				CLANG_WARN_COMMA = YES;
				CLANG_WARN_CONSTANT_CONVERSION = YES;
				CLANG_WARN_DIRECT_OBJC_ISA_USAGE = YES_ERROR;
				CLANG_WARN_DOCUMENTATION_COMMENTS = YES;
				CLANG_WARN_EMPTY_BODY = YES;
				CLANG_WARN_ENUM_CONVERSION = YES;
				CLANG_WARN_INFINITE_RECURSION = YES;
				CLANG_WARN_INT_CONVERSION = YES;
				CLANG_WARN_NON_LITERAL_NULL_CONVERSION = YES;
				CLANG_WARN_OBJC_LITERAL_CONVERSION = YES;
				CLANG_WARN_OBJC_ROOT_CLASS = YES_ERROR;
				CLANG_WARN_RANGE_LOOP_ANALYSIS = YES;
				CLANG_WARN_STRICT_PROTOTYPES = YES;
				CLANG_WARN_SUSPICIOUS_MOVE = YES;
				CLANG_WARN_UNGUARDED_AVAILABILITY = YES_AGGRESSIVE;
				CLANG_WARN_UNREACHABLE_CODE = YES;
				CLANG_WARN__DUPLICATE_METHOD_MATCH = YES;
				CODE_SIGN_IDENTITY = "iPhone Developer";
				COPY_PHASE_STRIP = NO;
				DEBUG_INFORMATION_FORMAT = "dwarf-with-dsym";
				ENABLE_NS_ASSERTIONS = NO;
				ENABLE_STRICT_OBJC_MSGSEND = YES;
				GCC_C_LANGUAGE_STANDARD = gnu11;
				GCC_NO_COMMON_BLOCKS = YES;
				GCC_WARN_64_TO_32_BIT_CONVERSION = YES;
				GCC_WARN_ABOUT_RETURN_TYPE = YES_ERROR;
				GCC_WARN_UNDECLARED_SELECTOR = YES;
				GCC_WARN_UNINITIALIZED_AUTOS = YES_AGGRESSIVE;
				GCC_WARN_UNUSED_FUNCTION = YES;
				GCC_WARN_UNUSED_VARIABLE = YES;
				IPHONEOS_DEPLOYMENT_TARGET = 11.2;
				MTL_ENABLE_DEBUG_INFO = NO;
				SDKROOT = iphoneos;
				SWIFT_OPTIMIZATION_LEVEL = "-Owholemodule";
				VALIDATE_PRODUCT = YES;
			};
			name = Release;
		};
		D4C128062046498E001503BD /* Debug */ = {
			isa = XCBuildConfiguration;
			buildSettings = {
				ASSETCATALOG_COMPILER_APPICON_NAME = AppIcon;
				CODE_SIGN_ENTITLEMENTS = FairFuture/FairFuture.entitlements;
				"CODE_SIGN_IDENTITY[sdk=iphoneos*]" = "iPhone Developer";
				CODE_SIGN_STYLE = Automatic;
				DEVELOPMENT_TEAM = 6WA6Y7KBQJ;
				INFOPLIST_FILE = FairFuture/Info.plist;
				LD_RUNPATH_SEARCH_PATHS = "$(inherited) @executable_path/Frameworks";
				PRODUCT_BUNDLE_IDENTIFIER = hridayam.FairFuture;
				PRODUCT_NAME = "$(TARGET_NAME)";
				PROVISIONING_PROFILE_SPECIFIER = "";
				SWIFT_VERSION = 4.0;
				TARGETED_DEVICE_FAMILY = "1,2";
			};
			name = Debug;
		};
		D4C128072046498E001503BD /* Release */ = {
			isa = XCBuildConfiguration;
			buildSettings = {
				ASSETCATALOG_COMPILER_APPICON_NAME = AppIcon;
				CODE_SIGN_ENTITLEMENTS = FairFuture/FairFuture.entitlements;
				"CODE_SIGN_IDENTITY[sdk=iphoneos*]" = "iPhone Developer";
				CODE_SIGN_STYLE = Automatic;
				DEVELOPMENT_TEAM = 6WA6Y7KBQJ;
				INFOPLIST_FILE = FairFuture/Info.plist;
				LD_RUNPATH_SEARCH_PATHS = "$(inherited) @executable_path/Frameworks";
				PRODUCT_BUNDLE_IDENTIFIER = hridayam.FairFuture;
				PRODUCT_NAME = "$(TARGET_NAME)";
				PROVISIONING_PROFILE_SPECIFIER = "";
				SWIFT_VERSION = 4.0;
				TARGETED_DEVICE_FAMILY = "1,2";
			};
			name = Release;
		};
/* End XCBuildConfiguration section */

/* Begin XCConfigurationList section */
		D4C127EB2046498E001503BD /* Build configuration list for PBXProject "FairFuture" */ = {
			isa = XCConfigurationList;
			buildConfigurations = (
				D4C128032046498E001503BD /* Debug */,
				D4C128042046498E001503BD /* Release */,
			);
			defaultConfigurationIsVisible = 0;
			defaultConfigurationName = Release;
		};
		D4C128052046498E001503BD /* Build configuration list for PBXNativeTarget "FairFuture" */ = {
			isa = XCConfigurationList;
			buildConfigurations = (
				D4C128062046498E001503BD /* Debug */,
				D4C128072046498E001503BD /* Release */,
			);
			defaultConfigurationIsVisible = 0;
			defaultConfigurationName = Release;
		};
/* End XCConfigurationList section */

/* Begin XCVersionGroup section */
		D4C127FA2046498E001503BD /* FairFuture.xcdatamodeld */ = {
			isa = XCVersionGroup;
			children = (
				D4C127FB2046498E001503BD /* FairFuture.xcdatamodel */,
			);
			currentVersion = D4C127FB2046498E001503BD /* FairFuture.xcdatamodel */;
			path = FairFuture.xcdatamodeld;
			sourceTree = "<group>";
			versionGroupType = wrapper.xcdatamodel;
		};
/* End XCVersionGroup section */
	};
	rootObject = D4C127E82046498E001503BD /* Project object */;
}
